
Microsoft Visual Studio Solution File, Format Version 12.00
# Visual Studio Version 17
VisualStudioVersion = 17.13.35931.197 d17.13
MinimumVisualStudioVersion = 10.0.40219.1
Project("{FAE04EC0-301F-11D3-BF4B-00C04F79EFBC}") = "RAA_Int_Module03_Skills", "RAA_Int_Module03_Skills\RAA_Int_Module03_Skills.csproj", "{711BD59B-EE20-4DE4-A03A-71977F503B29}"
EndProject
Global
	GlobalSection(SolutionConfigurationPlatforms) = preSolution
		Debug R20|Any CPU = Debug R20|Any CPU
		Debug R21|Any CPU = Debug R21|Any CPU
		Debug R22|Any CPU = Debug R22|Any CPU
		Debug R23|Any CPU = Debug R23|Any CPU
		Debug R24|Any CPU = Debug R24|Any CPU
		Debug R25|Any CPU = Debug R25|Any CPU
		Release R20|Any CPU = Release R20|Any CPU
		Release R21|Any CPU = Release R21|Any CPU
		Release R22|Any CPU = Release R22|Any CPU
		Release R23|Any CPU = Release R23|Any CPU
		Release R24|Any CPU = Release R24|Any CPU
		Release R25|Any CPU = Release R25|Any CPU
	EndGlobalSection
	GlobalSection(ProjectConfigurationPlatforms) = postSolution
		{711BD59B-EE20-4DE4-A03A-71977F503B29}.Debug R20|Any CPU.ActiveCfg = Debug R20|Any CPU
		{711BD59B-EE20-4DE4-A03A-71977F503B29}.Debug R20|Any CPU.Build.0 = Debug R20|Any CPU
		{711BD59B-EE20-4DE4-A03A-71977F503B29}.Debug R21|Any CPU.ActiveCfg = Debug R21|Any CPU
		{711BD59B-EE20-4DE4-A03A-71977F503B29}.Debug R21|Any CPU.Build.0 = Debug R21|Any CPU
		{711BD59B-EE20-4DE4-A03A-71977F503B29}.Debug R22|Any CPU.ActiveCfg = Debug R22|Any CPU
		{711BD59B-EE20-4DE4-A03A-71977F503B29}.Debug R22|Any CPU.Build.0 = Debug R22|Any CPU
		{711BD59B-EE20-4DE4-A03A-71977F503B29}.Debug R23|Any CPU.ActiveCfg = Debug R23|Any CPU
		{711BD59B-EE20-4DE4-A03A-71977F503B29}.Debug R23|Any CPU.Build.0 = Debug R23|Any CPU
		{711BD59B-EE20-4DE4-A03A-71977F503B29}.Debug R24|Any CPU.ActiveCfg = Debug R24|Any CPU
		{711BD59B-EE20-4DE4-A03A-71977F503B29}.Debug R24|Any CPU.Build.0 = Debug R24|Any CPU
		{711BD59B-EE20-4DE4-A03A-71977F503B29}.Debug R25|Any CPU.ActiveCfg = Debug R25|Any CPU
		{711BD59B-EE20-4DE4-A03A-71977F503B29}.Debug R25|Any CPU.Build.0 = Debug R25|Any CPU
		{711BD59B-EE20-4DE4-A03A-71977F503B29}.Release R20|Any CPU.ActiveCfg = Release R20|Any CPU
		{711BD59B-EE20-4DE4-A03A-71977F503B29}.Release R20|Any CPU.Build.0 = Release R20|Any CPU
		{711BD59B-EE20-4DE4-A03A-71977F503B29}.Release R21|Any CPU.ActiveCfg = Release R21|Any CPU
		{711BD59B-EE20-4DE4-A03A-71977F503B29}.Release R21|Any CPU.Build.0 = Release R21|Any CPU
		{711BD59B-EE20-4DE4-A03A-71977F503B29}.Release R22|Any CPU.ActiveCfg = Release R22|Any CPU
		{711BD59B-EE20-4DE4-A03A-71977F503B29}.Release R22|Any CPU.Build.0 = Release R22|Any CPU
		{711BD59B-EE20-4DE4-A03A-71977F503B29}.Release R23|Any CPU.ActiveCfg = Release R23|Any CPU
		{711BD59B-EE20-4DE4-A03A-71977F503B29}.Release R23|Any CPU.Build.0 = Release R23|Any CPU
		{711BD59B-EE20-4DE4-A03A-71977F503B29}.Release R24|Any CPU.ActiveCfg = Release R24|Any CPU
		{711BD59B-EE20-4DE4-A03A-71977F503B29}.Release R24|Any CPU.Build.0 = Release R24|Any CPU
		{711BD59B-EE20-4DE4-A03A-71977F503B29}.Release R25|Any CPU.ActiveCfg = Release R25|Any CPU
		{711BD59B-EE20-4DE4-A03A-71977F503B29}.Release R25|Any CPU.Build.0 = Release R25|Any CPU
	EndGlobalSection
	GlobalSection(SolutionProperties) = preSolution
		HideSolutionNode = FALSE
	EndGlobalSection
	GlobalSection(ExtensibilityGlobals) = postSolution
		SolutionGuid = {7B9A8492-99FC-49D2-AA9F-6A7B26DA4F9E}
	EndGlobalSection
EndGlobal
